
Microsoft Visual Studio Solution File, Format Version 12.00
# Visual Studio Version 17
VisualStudioVersion = 17.1.32319.34
MinimumVisualStudioVersion = 10.0.40219.1
Project("{FAE04EC0-301F-11D3-BF4B-00C04F79EFBC}") = "Mini_Projeto", "Mini_Projeto\Mini_Projeto.csproj", "{28D5D25C-96C3-4BF1-A297-A767423B529F}"
EndProject
Global
	GlobalSection(SolutionConfigurationPlatforms) = preSolution
		Debug|Any CPU = Debug|Any CPU
		Release|Any CPU = Release|Any CPU
	EndGlobalSection
	GlobalSection(ProjectConfigurationPlatforms) = postSolution
		{28D5D25C-96C3-4BF1-A297-A767423B529F}.Debug|Any CPU.ActiveCfg = Debug|Any CPU
		{28D5D25C-96C3-4BF1-A297-A767423B529F}.Debug|Any CPU.Build.0 = Debug|Any CPU
		{28D5D25C-96C3-4BF1-A297-A767423B529F}.Release|Any CPU.ActiveCfg = Release|Any CPU
		{28D5D25C-96C3-4BF1-A297-A767423B529F}.Release|Any CPU.Build.0 = Release|Any CPU
	EndGlobalSection
	GlobalSection(SolutionProperties) = preSolution
		HideSolutionNode = FALSE
	EndGlobalSection
	GlobalSection(ExtensibilityGlobals) = postSolution
		SolutionGuid = {8C59C7FB-7A25-4BCF-BB5C-877CCD9DE596}
	EndGlobalSection
EndGlobal
